
Microsoft Visual Studio Solution File, Format Version 12.00
# Visual Studio Version 17
VisualStudioVersion = 17.11.35208.52
MinimumVisualStudioVersion = 10.0.40219.1
Project("{FAE04EC0-301F-11D3-BF4B-00C04F79EFBC}") = "taomangvatinhtong", "taomangvatinhtong\taomangvatinhtong.csproj", "{9C3B8E12-AB87-42E6-8A92-E2991A4C213D}"
EndProject
Global
	GlobalSection(SolutionConfigurationPlatforms) = preSolution
		Debug|Any CPU = Debug|Any CPU
		Release|Any CPU = Release|Any CPU
	EndGlobalSection
	GlobalSection(ProjectConfigurationPlatforms) = postSolution
		{9C3B8E12-AB87-42E6-8A92-E2991A4C213D}.Debug|Any CPU.ActiveCfg = Debug|Any CPU
		{9C3B8E12-AB87-42E6-8A92-E2991A4C213D}.Debug|Any CPU.Build.0 = Debug|Any CPU
		{9C3B8E12-AB87-42E6-8A92-E2991A4C213D}.Release|Any CPU.ActiveCfg = Release|Any CPU
		{9C3B8E12-AB87-42E6-8A92-E2991A4C213D}.Release|Any CPU.Build.0 = Release|Any CPU
	EndGlobalSection
	GlobalSection(SolutionProperties) = preSolution
		HideSolutionNode = FALSE
	EndGlobalSection
	GlobalSection(ExtensibilityGlobals) = postSolution
		SolutionGuid = {3326449D-7FAD-4142-8CE5-C54E5FC2FD25}
	EndGlobalSection
EndGlobal
