
Microsoft Visual Studio Solution File, Format Version 12.00
# Visual Studio Version 17
VisualStudioVersion = 17.11.35208.52
MinimumVisualStudioVersion = 10.0.40219.1
Project("{FAE04EC0-301F-11D3-BF4B-00C04F79EFBC}") = "BaiKiemTra1", "BaiKiemTra1\BaiKiemTra1.csproj", "{CFAFE7B9-9600-4055-B173-DE57074935E1}"
EndProject
Global
	GlobalSection(SolutionConfigurationPlatforms) = preSolution
		Debug|Any CPU = Debug|Any CPU
		Release|Any CPU = Release|Any CPU
	EndGlobalSection
	GlobalSection(ProjectConfigurationPlatforms) = postSolution
		{CFAFE7B9-9600-4055-B173-DE57074935E1}.Debug|Any CPU.ActiveCfg = Debug|Any CPU
		{CFAFE7B9-9600-4055-B173-DE57074935E1}.Debug|Any CPU.Build.0 = Debug|Any CPU
		{CFAFE7B9-9600-4055-B173-DE57074935E1}.Release|Any CPU.ActiveCfg = Release|Any CPU
		{CFAFE7B9-9600-4055-B173-DE57074935E1}.Release|Any CPU.Build.0 = Release|Any CPU
	EndGlobalSection
	GlobalSection(SolutionProperties) = preSolution
		HideSolutionNode = FALSE
	EndGlobalSection
	GlobalSection(ExtensibilityGlobals) = postSolution
		SolutionGuid = {9BA5F52C-D597-4F38-AA96-FD9499454306}
	EndGlobalSection
EndGlobal
