
Microsoft Visual Studio Solution File, Format Version 12.00
# Visual Studio Version 17
VisualStudioVersion = 17.11.35208.52
MinimumVisualStudioVersion = 10.0.40219.1
Project("{FAE04EC0-301F-11D3-BF4B-00C04F79EFBC}") = "QuanLyKhachHang", "QuanLyKhachHang\QuanLyKhachHang.csproj", "{4983177B-B108-4778-8619-A2712D913C6F}"
EndProject
Global
	GlobalSection(SolutionConfigurationPlatforms) = preSolution
		Debug|Any CPU = Debug|Any CPU
		Release|Any CPU = Release|Any CPU
	EndGlobalSection
	GlobalSection(ProjectConfigurationPlatforms) = postSolution
		{4983177B-B108-4778-8619-A2712D913C6F}.Debug|Any CPU.ActiveCfg = Debug|Any CPU
		{4983177B-B108-4778-8619-A2712D913C6F}.Debug|Any CPU.Build.0 = Debug|Any CPU
		{4983177B-B108-4778-8619-A2712D913C6F}.Release|Any CPU.ActiveCfg = Release|Any CPU
		{4983177B-B108-4778-8619-A2712D913C6F}.Release|Any CPU.Build.0 = Release|Any CPU
	EndGlobalSection
	GlobalSection(SolutionProperties) = preSolution
		HideSolutionNode = FALSE
	EndGlobalSection
	GlobalSection(ExtensibilityGlobals) = postSolution
		SolutionGuid = {A90686F4-998D-4899-9BC0-FE3BC986DF7A}
	EndGlobalSection
EndGlobal
